
Microsoft Visual Studio Solution File, Format Version 12.00
# Visual Studio Version 17
VisualStudioVersion = 17.0.31912.275
MinimumVisualStudioVersion = 10.0.40219.1
Project("{2150E333-8FDC-42A3-9474-1A3956D46DE8}") = "Domain", "Domain", "{A31BEB50-75B1-4ED1-9379-F75A6B6A144F}"
EndProject
Project("{FAE04EC0-301F-11D3-BF4B-00C04F79EFBC}") = "MelhorRota", "app\MelhorRota\MelhorRota.csproj", "{0B8A4E07-3C5C-4EEF-9042-CE050C231C08}"
EndProject
Project("{2150E333-8FDC-42A3-9474-1A3956D46DE8}") = "UI", "UI", "{1731313D-D1AF-4A2D-A497-B60F9C1C6834}"
EndProject
Project("{FAE04EC0-301F-11D3-BF4B-00C04F79EFBC}") = "MelhorRota.WebApi", "app\MelhorRota.WebApi\MelhorRota.WebApi.csproj", "{F432F430-586B-4D47-92B1-DCC740EAA521}"
EndProject
Global
	GlobalSection(SolutionConfigurationPlatforms) = preSolution
		Debug|Any CPU = Debug|Any CPU
		Release|Any CPU = Release|Any CPU
	EndGlobalSection
	GlobalSection(ProjectConfigurationPlatforms) = postSolution
		{0B8A4E07-3C5C-4EEF-9042-CE050C231C08}.Debug|Any CPU.ActiveCfg = Debug|Any CPU
		{0B8A4E07-3C5C-4EEF-9042-CE050C231C08}.Debug|Any CPU.Build.0 = Debug|Any CPU
		{0B8A4E07-3C5C-4EEF-9042-CE050C231C08}.Release|Any CPU.ActiveCfg = Release|Any CPU
		{0B8A4E07-3C5C-4EEF-9042-CE050C231C08}.Release|Any CPU.Build.0 = Release|Any CPU
		{F432F430-586B-4D47-92B1-DCC740EAA521}.Debug|Any CPU.ActiveCfg = Debug|Any CPU
		{F432F430-586B-4D47-92B1-DCC740EAA521}.Debug|Any CPU.Build.0 = Debug|Any CPU
		{F432F430-586B-4D47-92B1-DCC740EAA521}.Release|Any CPU.ActiveCfg = Release|Any CPU
		{F432F430-586B-4D47-92B1-DCC740EAA521}.Release|Any CPU.Build.0 = Release|Any CPU
	EndGlobalSection
	GlobalSection(SolutionProperties) = preSolution
		HideSolutionNode = FALSE
	EndGlobalSection
	GlobalSection(NestedProjects) = preSolution
		{0B8A4E07-3C5C-4EEF-9042-CE050C231C08} = {A31BEB50-75B1-4ED1-9379-F75A6B6A144F}
		{F432F430-586B-4D47-92B1-DCC740EAA521} = {1731313D-D1AF-4A2D-A497-B60F9C1C6834}
	EndGlobalSection
	GlobalSection(ExtensibilityGlobals) = postSolution
		SolutionGuid = {F623C389-C331-45F6-9624-A9A8F7A7212B}
	EndGlobalSection
EndGlobal
